// !$*UTF8*$!
{
	archiveVersion = 1;
	classes = {
	};
	objectVersion = 50;
	objects = {

/* Begin PBXBuildFile section */
		BB22F98322BA959E00F9AC45 /* AppDelegate.swift in Sources */ = {isa = PBXBuildFile; fileRef = BB22F98222BA959E00F9AC45 /* AppDelegate.swift */; };
		BB22F98822BA959E00F9AC45 /* Main.storyboard in Resources */ = {isa = PBXBuildFile; fileRef = BB22F98622BA959E00F9AC45 /* Main.storyboard */; };
		BB22F98A22BA95A100F9AC45 /* Assets.xcassets in Resources */ = {isa = PBXBuildFile; fileRef = BB22F98922BA95A100F9AC45 /* Assets.xcassets */; };
		BB22F98D22BA95A100F9AC45 /* LaunchScreen.storyboard in Resources */ = {isa = PBXBuildFile; fileRef = BB22F98B22BA95A100F9AC45 /* LaunchScreen.storyboard */; };
		BB22F99822BA95A200F9AC45 /* on_the_Map_WaelTests.swift in Sources */ = {isa = PBXBuildFile; fileRef = BB22F99722BA95A200F9AC45 /* on_the_Map_WaelTests.swift */; };
		BB22F9AD22BA9D0100F9AC45 /* Student.swift in Sources */ = {isa = PBXBuildFile; fileRef = BB22F9AC22BA9D0100F9AC45 /* Student.swift */; };
		BB22F9AF22BACE2100F9AC45 /* APIudacity.swift in Sources */ = {isa = PBXBuildFile; fileRef = BB22F9AE22BACE2100F9AC45 /* APIudacity.swift */; };
		BBB80AC122BCB55200AD540E /* LoginVC.swift in Sources */ = {isa = PBXBuildFile; fileRef = BBB80AC022BCB55200AD540E /* LoginVC.swift */; };
		BBB80AC322BCEB8800AD540E /* MapViewController.swift in Sources */ = {isa = PBXBuildFile; fileRef = BBB80AC222BCEB8800AD540E /* MapViewController.swift */; };
		BBD389E222CC1235003AE098 /* AddMapLocation.swift in Sources */ = {isa = PBXBuildFile; fileRef = BBD389E122CC1235003AE098 /* AddMapLocation.swift */; };
		BBF06EEA22C602B20020534F /* Global.swift in Sources */ = {isa = PBXBuildFile; fileRef = BBF06EE922C602B20020534F /* Global.swift */; };
		BBF06EED22C6378E0020534F /* extension.swift in Sources */ = {isa = PBXBuildFile; fileRef = BBF06EEC22C6378E0020534F /* extension.swift */; };
		BBF06EEF22C63C630020534F /* TableViewController.swift in Sources */ = {isa = PBXBuildFile; fileRef = BBF06EEE22C63C630020534F /* TableViewController.swift */; };
		BBF06EF122C63E8D0020534F /* PostLocationVC.swift in Sources */ = {isa = PBXBuildFile; fileRef = BBF06EF022C63E8D0020534F /* PostLocationVC.swift */; };
/* End PBXBuildFile section */

/* Begin PBXContainerItemProxy section */
		BB22F99422BA95A200F9AC45 /* PBXContainerItemProxy */ = {
			isa = PBXContainerItemProxy;
			containerPortal = BB22F97722BA959D00F9AC45 /* Project object */;
			proxyType = 1;
			remoteGlobalIDString = BB22F97E22BA959E00F9AC45;
			remoteInfo = "on the Map Wael";
		};
/* End PBXContainerItemProxy section */

/* Begin PBXFileReference section */
		BB22F97F22BA959E00F9AC45 /* on the Map Wael.app */ = {isa = PBXFileReference; explicitFileType = wrapper.application; includeInIndex = 0; path = "on the Map Wael.app"; sourceTree = BUILT_PRODUCTS_DIR; };
		BB22F98222BA959E00F9AC45 /* AppDelegate.swift */ = {isa = PBXFileReference; lastKnownFileType = sourcecode.swift; path = AppDelegate.swift; sourceTree = "<group>"; };
		BB22F98722BA959E00F9AC45 /* Base */ = {isa = PBXFileReference; lastKnownFileType = file.storyboard; name = Base; path = Base.lproj/Main.storyboard; sourceTree = "<group>"; };
		BB22F98922BA95A100F9AC45 /* Assets.xcassets */ = {isa = PBXFileReference; lastKnownFileType = folder.assetcatalog; path = Assets.xcassets; sourceTree = "<group>"; };
		BB22F98C22BA95A100F9AC45 /* Base */ = {isa = PBXFileReference; lastKnownFileType = file.storyboard; name = Base; path = Base.lproj/LaunchScreen.storyboard; sourceTree = "<group>"; };
		BB22F98E22BA95A100F9AC45 /* Info.plist */ = {isa = PBXFileReference; lastKnownFileType = text.plist.xml; path = Info.plist; sourceTree = "<group>"; };
		BB22F99322BA95A200F9AC45 /* on the Map WaelTests.xctest */ = {isa = PBXFileReference; explicitFileType = wrapper.cfbundle; includeInIndex = 0; path = "on the Map WaelTests.xctest"; sourceTree = BUILT_PRODUCTS_DIR; };
		BB22F99722BA95A200F9AC45 /* on_the_Map_WaelTests.swift */ = {isa = PBXFileReference; lastKnownFileType = sourcecode.swift; path = on_the_Map_WaelTests.swift; sourceTree = "<group>"; };
		BB22F99922BA95A200F9AC45 /* Info.plist */ = {isa = PBXFileReference; lastKnownFileType = text.plist.xml; path = Info.plist; sourceTree = "<group>"; };
		BB22F9AC22BA9D0100F9AC45 /* Student.swift */ = {isa = PBXFileReference; lastKnownFileType = sourcecode.swift; path = Student.swift; sourceTree = "<group>"; };
		BB22F9AE22BACE2100F9AC45 /* APIudacity.swift */ = {isa = PBXFileReference; lastKnownFileType = sourcecode.swift; path = APIudacity.swift; sourceTree = "<group>"; };
		BBB80AC022BCB55200AD540E /* LoginVC.swift */ = {isa = PBXFileReference; lastKnownFileType = sourcecode.swift; path = LoginVC.swift; sourceTree = "<group>"; };
		BBB80AC222BCEB8800AD540E /* MapViewController.swift */ = {isa = PBXFileReference; lastKnownFileType = sourcecode.swift; path = MapViewController.swift; sourceTree = "<group>"; };
		BBD389E122CC1235003AE098 /* AddMapLocation.swift */ = {isa = PBXFileReference; lastKnownFileType = sourcecode.swift; path = AddMapLocation.swift; sourceTree = "<group>"; };
		BBF06EE922C602B20020534F /* Global.swift */ = {isa = PBXFileReference; lastKnownFileType = sourcecode.swift; path = Global.swift; sourceTree = "<group>"; };
		BBF06EEC22C6378E0020534F /* extension.swift */ = {isa = PBXFileReference; lastKnownFileType = sourcecode.swift; path = extension.swift; sourceTree = "<group>"; };
		BBF06EEE22C63C630020534F /* TableViewController.swift */ = {isa = PBXFileReference; lastKnownFileType = sourcecode.swift; path = TableViewController.swift; sourceTree = "<group>"; };
		BBF06EF022C63E8D0020534F /* PostLocationVC.swift */ = {isa = PBXFileReference; lastKnownFileType = sourcecode.swift; path = PostLocationVC.swift; sourceTree = "<group>"; };
/* End PBXFileReference section */

/* Begin PBXFrameworksBuildPhase section */
		BB22F97C22BA959E00F9AC45 /* Frameworks */ = {
			isa = PBXFrameworksBuildPhase;
			buildActionMask = 2147483647;
			files = (
			);
			runOnlyForDeploymentPostprocessing = 0;
		};
		BB22F99022BA95A200F9AC45 /* Frameworks */ = {
			isa = PBXFrameworksBuildPhase;
			buildActionMask = 2147483647;
			files = (
			);
			runOnlyForDeploymentPostprocessing = 0;
		};
/* End PBXFrameworksBuildPhase section */

/* Begin PBXGroup section */
		BB22F97622BA959D00F9AC45 = {
			isa = PBXGroup;
			children = (
				BBF06EEB22C637700020534F /* Helps */,
				BB22F98122BA959E00F9AC45 /* on the Map Wael */,
				BB22F99622BA95A200F9AC45 /* on the Map WaelTests */,
				BB22F98022BA959E00F9AC45 /* Products */,
			);
			sourceTree = "<group>";
		};
		BB22F98022BA959E00F9AC45 /* Products */ = {
			isa = PBXGroup;
			children = (
				BB22F97F22BA959E00F9AC45 /* on the Map Wael.app */,
				BB22F99322BA95A200F9AC45 /* on the Map WaelTests.xctest */,
			);
			name = Products;
			sourceTree = "<group>";
		};
		BB22F98122BA959E00F9AC45 /* on the Map Wael */ = {
			isa = PBXGroup;
			children = (
				BB22F98222BA959E00F9AC45 /* AppDelegate.swift */,
				BB22F98E22BA95A100F9AC45 /* Info.plist */,
				BB22F9AE22BACE2100F9AC45 /* APIudacity.swift */,
				BB22F9A222BA963600F9AC45 /* Model */,
				BB22F9A322BA965200F9AC45 /* Controller */,
				BB22F9A422BA967B00F9AC45 /* View */,
				BB22F9A722BA9C7400F9AC45 /* Asset */,
			);
			path = "on the Map Wael";
			sourceTree = "<group>";
		};
		BB22F99622BA95A200F9AC45 /* on the Map WaelTests */ = {
			isa = PBXGroup;
			children = (
				BB22F99722BA95A200F9AC45 /* on_the_Map_WaelTests.swift */,
				BB22F99922BA95A200F9AC45 /* Info.plist */,
			);
			path = "on the Map WaelTests";
			sourceTree = "<group>";
		};
		BB22F9A222BA963600F9AC45 /* Model */ = {
			isa = PBXGroup;
			children = (
				BB22F9AC22BA9D0100F9AC45 /* Student.swift */,
				BBF06EE922C602B20020534F /* Global.swift */,
			);
			path = Model;
			sourceTree = "<group>";
		};
		BB22F9A322BA965200F9AC45 /* Controller */ = {
			isa = PBXGroup;
			children = (
				BBB80AC022BCB55200AD540E /* LoginVC.swift */,
				BBB80AC222BCEB8800AD540E /* MapViewController.swift */,
				BBF06EEE22C63C630020534F /* TableViewController.swift */,
				BBF06EF022C63E8D0020534F /* PostLocationVC.swift */,
				BBD389E122CC1235003AE098 /* AddMapLocation.swift */,
			);
			path = Controller;
			sourceTree = "<group>";
		};
		BB22F9A422BA967B00F9AC45 /* View */ = {
			isa = PBXGroup;
			children = (
			);
			path = View;
			sourceTree = "<group>";
		};
		BB22F9A722BA9C7400F9AC45 /* Asset */ = {
			isa = PBXGroup;
			children = (
				BB22F98B22BA95A100F9AC45 /* LaunchScreen.storyboard */,
				BB22F98622BA959E00F9AC45 /* Main.storyboard */,
				BB22F98922BA95A100F9AC45 /* Assets.xcassets */,
			);
			path = Asset;
			sourceTree = "<group>";
		};
		BBF06EEB22C637700020534F /* Helps */ = {
			isa = PBXGroup;
			children = (
				BBF06EEC22C6378E0020534F /* extension.swift */,
			);
			path = Helps;
			sourceTree = "<group>";
		};
/* End PBXGroup section */

/* Begin PBXNativeTarget section */
		BB22F97E22BA959E00F9AC45 /* on the Map Wael */ = {
			isa = PBXNativeTarget;
			buildConfigurationList = BB22F99C22BA95A200F9AC45 /* Build configuration list for PBXNativeTarget "on the Map Wael" */;
			buildPhases = (
				BB22F97B22BA959E00F9AC45 /* Sources */,
				BB22F97C22BA959E00F9AC45 /* Frameworks */,
				BB22F97D22BA959E00F9AC45 /* Resources */,
			);
			buildRules = (
			);
			dependencies = (
			);
			name = "on the Map Wael";
			productName = "on the Map Wael";
			productReference = BB22F97F22BA959E00F9AC45 /* on the Map Wael.app */;
			productType = "com.apple.product-type.application";
		};
		BB22F99222BA95A200F9AC45 /* on the Map WaelTests */ = {
			isa = PBXNativeTarget;
			buildConfigurationList = BB22F99F22BA95A200F9AC45 /* Build configuration list for PBXNativeTarget "on the Map WaelTests" */;
			buildPhases = (
				BB22F98F22BA95A200F9AC45 /* Sources */,
				BB22F99022BA95A200F9AC45 /* Frameworks */,
				BB22F99122BA95A200F9AC45 /* Resources */,
			);
			buildRules = (
			);
			dependencies = (
				BB22F99522BA95A200F9AC45 /* PBXTargetDependency */,
			);
			name = "on the Map WaelTests";
			productName = "on the Map WaelTests";
			productReference = BB22F99322BA95A200F9AC45 /* on the Map WaelTests.xctest */;
			productType = "com.apple.product-type.bundle.unit-test";
		};
/* End PBXNativeTarget section */

/* Begin PBXProject section */
		BB22F97722BA959D00F9AC45 /* Project object */ = {
			isa = PBXProject;
			attributes = {
				LastSwiftUpdateCheck = 1010;
				LastUpgradeCheck = 1010;
				ORGANIZATIONNAME = Wael;
				TargetAttributes = {
					BB22F97E22BA959E00F9AC45 = {
						CreatedOnToolsVersion = 10.1;
					};
					BB22F99222BA95A200F9AC45 = {
						CreatedOnToolsVersion = 10.1;
						TestTargetID = BB22F97E22BA959E00F9AC45;
					};
				};
			};
			buildConfigurationList = BB22F97A22BA959D00F9AC45 /* Build configuration list for PBXProject "on the Map Wael" */;
			compatibilityVersion = "Xcode 9.3";
			developmentRegion = en;
			hasScannedForEncodings = 0;
			knownRegions = (
				en,
				Base,
			);
			mainGroup = BB22F97622BA959D00F9AC45;
			productRefGroup = BB22F98022BA959E00F9AC45 /* Products */;
			projectDirPath = "";
			projectRoot = "";
			targets = (
				BB22F97E22BA959E00F9AC45 /* on the Map Wael */,
				BB22F99222BA95A200F9AC45 /* on the Map WaelTests */,
			);
		};
/* End PBXProject section */

/* Begin PBXResourcesBuildPhase section */
		BB22F97D22BA959E00F9AC45 /* Resources */ = {
			isa = PBXResourcesBuildPhase;
			buildActionMask = 2147483647;
			files = (
				BB22F98D22BA95A100F9AC45 /* LaunchScreen.storyboard in Resources */,
				BB22F98A22BA95A100F9AC45 /* Assets.xcassets in Resources */,
				BB22F98822BA959E00F9AC45 /* Main.storyboard in Resources */,
			);
			runOnlyForDeploymentPostprocessing = 0;
		};
		BB22F99122BA95A200F9AC45 /* Resources */ = {
			isa = PBXResourcesBuildPhase;
			buildActionMask = 2147483647;
			files = (
			);
			runOnlyForDeploymentPostprocessing = 0;
		};
/* End PBXResourcesBuildPhase section */

/* Begin PBXSourcesBuildPhase section */
		BB22F97B22BA959E00F9AC45 /* Sources */ = {
			isa = PBXSourcesBuildPhase;
			buildActionMask = 2147483647;
			files = (
				BBF06EED22C6378E0020534F /* extension.swift in Sources */,
				BBF06EEA22C602B20020534F /* Global.swift in Sources */,
				BBB80AC122BCB55200AD540E /* LoginVC.swift in Sources */,
				BB22F9AF22BACE2100F9AC45 /* APIudacity.swift in Sources */,
				BBB80AC322BCEB8800AD540E /* MapViewController.swift in Sources */,
				BBD389E222CC1235003AE098 /* AddMapLocation.swift in Sources */,
				BBF06EF122C63E8D0020534F /* PostLocationVC.swift in Sources */,
				BB22F9AD22BA9D0100F9AC45 /* Student.swift in Sources */,
				BBF06EEF22C63C630020534F /* TableViewController.swift in Sources */,
				BB22F98322BA959E00F9AC45 /* AppDelegate.swift in Sources */,
			);
			runOnlyForDeploymentPostprocessing = 0;
		};
		BB22F98F22BA95A200F9AC45 /* Sources */ = {
			isa = PBXSourcesBuildPhase;
			buildActionMask = 2147483647;
			files = (
				BB22F99822BA95A200F9AC45 /* on_the_Map_WaelTests.swift in Sources */,
			);
			runOnlyForDeploymentPostprocessing = 0;
		};
/* End PBXSourcesBuildPhase section */

/* Begin PBXTargetDependency section */
		BB22F99522BA95A200F9AC45 /* PBXTargetDependency */ = {
			isa = PBXTargetDependency;
			target = BB22F97E22BA959E00F9AC45 /* on the Map Wael */;
			targetProxy = BB22F99422BA95A200F9AC45 /* PBXContainerItemProxy */;
		};
/* End PBXTargetDependency section */

/* Begin PBXVariantGroup section */
		BB22F98622BA959E00F9AC45 /* Main.storyboard */ = {
			isa = PBXVariantGroup;
			children = (
				BB22F98722BA959E00F9AC45 /* Base */,
			);
			name = Main.storyboard;
			sourceTree = "<group>";
		};
		BB22F98B22BA95A100F9AC45 /* LaunchScreen.storyboard */ = {
			isa = PBXVariantGroup;
			children = (
				BB22F98C22BA95A100F9AC45 /* Base */,
			);
			name = LaunchScreen.storyboard;
			sourceTree = "<group>";
		};
/* End PBXVariantGroup section */

/* Begin XCBuildConfiguration section */
		BB22F99A22BA95A200F9AC45 /* Debug */ = {
			isa = XCBuildConfiguration;
			buildSettings = {
				ALWAYS_SEARCH_USER_PATHS = NO;
				CLANG_ANALYZER_NONNULL = YES;
				CLANG_ANALYZER_NUMBER_OBJECT_CONVERSION = YES_AGGRESSIVE;
				CLANG_CXX_LANGUAGE_STANDARD = "gnu++14";
				CLANG_CXX_LIBRARY = "libc++";
				CLANG_ENABLE_MODULES = YES;
				CLANG_ENABLE_OBJC_ARC = YES;
				CLANG_ENABLE_OBJC_WEAK = YES;
				CLANG_WARN_BLOCK_CAPTURE_AUTORELEASING = YES;
				CLANG_WARN_BOOL_CONVERSION = YES;
				CLANG_WARN_COMMA = YES;
				CLANG_WARN_CONSTANT_CONVERSION = YES;
				CLANG_WARN_DEPRECATED_OBJC_IMPLEMENTATIONS = YES;
				CLANG_WARN_DIRECT_OBJC_ISA_USAGE = YES_ERROR;
				CLANG_WARN_DOCUMENTATION_COMMENTS = YES;
				CLANG_WARN_EMPTY_BODY = YES;
				CLANG_WARN_ENUM_CONVERSION = YES;
				CLANG_WARN_INFINITE_RECURSION = YES;
				CLANG_WARN_INT_CONVERSION = YES;
				CLANG_WARN_NON_LITERAL_NULL_CONVERSION = YES;
				CLANG_WARN_OBJC_IMPLICIT_RETAIN_SELF = YES;
				CLANG_WARN_OBJC_LITERAL_CONVERSION = YES;
				CLANG_WARN_OBJC_ROOT_CLASS = YES_ERROR;
				CLANG_WARN_RANGE_LOOP_ANALYSIS = YES;
				CLANG_WARN_STRICT_PROTOTYPES = YES;
				CLANG_WARN_SUSPICIOUS_MOVE = YES;
				CLANG_WARN_UNGUARDED_AVAILABILITY = YES_AGGRESSIVE;
				CLANG_WARN_UNREACHABLE_CODE = YES;
				CLANG_WARN__DUPLICATE_METHOD_MATCH = YES;
				CODE_SIGN_IDENTITY = "iPhone Developer";
				COPY_PHASE_STRIP = NO;
				DEBUG_INFORMATION_FORMAT = dwarf;
				ENABLE_STRICT_OBJC_MSGSEND = YES;
				ENABLE_TESTABILITY = YES;
				GCC_C_LANGUAGE_STANDARD = gnu11;
				GCC_DYNAMIC_NO_PIC = NO;
				GCC_NO_COMMON_BLOCKS = YES;
				GCC_OPTIMIZATION_LEVEL = 0;
				GCC_PREPROCESSOR_DEFINITIONS = (
					"DEBUG=1",
					"$(inherited)",
				);
				GCC_WARN_64_TO_32_BIT_CONVERSION = YES;
				GCC_WARN_ABOUT_RETURN_TYPE = YES_ERROR;
				GCC_WARN_UNDECLARED_SELECTOR = YES;
				GCC_WARN_UNINITIALIZED_AUTOS = YES_AGGRESSIVE;
				GCC_WARN_UNUSED_FUNCTION = YES;
				GCC_WARN_UNUSED_VARIABLE = YES;
				IPHONEOS_DEPLOYMENT_TARGET = 12.1;
				MTL_ENABLE_DEBUG_INFO = INCLUDE_SOURCE;
				MTL_FAST_MATH = YES;
				ONLY_ACTIVE_ARCH = YES;
				SDKROOT = iphoneos;
				SWIFT_ACTIVE_COMPILATION_CONDITIONS = DEBUG;
				SWIFT_OPTIMIZATION_LEVEL = "-Onone";
			};
			name = Debug;
		};
		BB22F99B22BA95A200F9AC45 /* Release */ = {
			isa = XCBuildConfiguration;
			buildSettings = {
				ALWAYS_SEARCH_USER_PATHS = NO;
				CLANG_ANALYZER_NONNULL = YES;
				CLANG_ANALYZER_NUMBER_OBJECT_CONVERSION = YES_AGGRESSIVE;
				CLANG_CXX_LANGUAGE_STANDARD = "gnu++14";
				CLANG_CXX_LIBRARY = "libc++";
				CLANG_ENABLE_MODULES = YES;
				CLANG_ENABLE_OBJC_ARC = YES;
				CLANG_ENABLE_OBJC_WEAK = YES;
				CLANG_WARN_BLOCK_CAPTURE_AUTORELEASING = YES;
				CLANG_WARN_BOOL_CONVERSION = YES;
				CLANG_WARN_COMMA = YES;
				CLANG_WARN_CONSTANT_CONVERSION = YES;
				CLANG_WARN_DEPRECATED_OBJC_IMPLEMENTATIONS = YES;
				CLANG_WARN_DIRECT_OBJC_ISA_USAGE = YES_ERROR;
				CLANG_WARN_DOCUMENTATION_COMMENTS = YES;
				CLANG_WARN_EMPTY_BODY = YES;
				CLANG_WARN_ENUM_CONVERSION = YES;
				CLANG_WARN_INFINITE_RECURSION = YES;
				CLANG_WARN_INT_CONVERSION = YES;
				CLANG_WARN_NON_LITERAL_NULL_CONVERSION = YES;
				CLANG_WARN_OBJC_IMPLICIT_RETAIN_SELF = YES;
				CLANG_WARN_OBJC_LITERAL_CONVERSION = YES;
				CLANG_WARN_OBJC_ROOT_CLASS = YES_ERROR;
				CLANG_WARN_RANGE_LOOP_ANALYSIS = YES;
				CLANG_WARN_STRICT_PROTOTYPES = YES;
				CLANG_WARN_SUSPICIOUS_MOVE = YES;
				CLANG_WARN_UNGUARDED_AVAILABILITY = YES_AGGRESSIVE;
				CLANG_WARN_UNREACHABLE_CODE = YES;
				CLANG_WARN__DUPLICATE_METHOD_MATCH = YES;
				CODE_SIGN_IDENTITY = "iPhone Developer";
				COPY_PHASE_STRIP = NO;
				DEBUG_INFORMATION_FORMAT = "dwarf-with-dsym";
				ENABLE_NS_ASSERTIONS = NO;
				ENABLE_STRICT_OBJC_MSGSEND = YES;
				GCC_C_LANGUAGE_STANDARD = gnu11;
				GCC_NO_COMMON_BLOCKS = YES;
				GCC_WARN_64_TO_32_BIT_CONVERSION = YES;
				GCC_WARN_ABOUT_RETURN_TYPE = YES_ERROR;
				GCC_WARN_UNDECLARED_SELECTOR = YES;
				GCC_WARN_UNINITIALIZED_AUTOS = YES_AGGRESSIVE;
				GCC_WARN_UNUSED_FUNCTION = YES;
				GCC_WARN_UNUSED_VARIABLE = YES;
				IPHONEOS_DEPLOYMENT_TARGET = 12.1;
				MTL_ENABLE_DEBUG_INFO = NO;
				MTL_FAST_MATH = YES;
				SDKROOT = iphoneos;
				SWIFT_COMPILATION_MODE = wholemodule;
				SWIFT_OPTIMIZATION_LEVEL = "-O";
				VALIDATE_PRODUCT = YES;
			};
			name = Release;
		};
		BB22F99D22BA95A200F9AC45 /* Debug */ = {
			isa = XCBuildConfiguration;
			buildSettings = {
				ASSETCATALOG_COMPILER_APPICON_NAME = AppIcon;
				CODE_SIGN_STYLE = Automatic;
				DEVELOPMENT_TEAM = XFYC8U4N46;
				INFOPLIST_FILE = "on the Map Wael/Info.plist";
				LD_RUNPATH_SEARCH_PATHS = (
					"$(inherited)",
					"@executable_path/Frameworks",
				);
				PRODUCT_BUNDLE_IDENTIFIER = "wael.com.on-the-Map-Wael";
				PRODUCT_NAME = "$(TARGET_NAME)";
				SWIFT_VERSION = 4.2;
				TARGETED_DEVICE_FAMILY = "1,2";
			};
			name = Debug;
		};
		BB22F99E22BA95A200F9AC45 /* Release */ = {
			isa = XCBuildConfiguration;
			buildSettings = {
				ASSETCATALOG_COMPILER_APPICON_NAME = AppIcon;
				CODE_SIGN_STYLE = Automatic;
				DEVELOPMENT_TEAM = XFYC8U4N46;
				INFOPLIST_FILE = "on the Map Wael/Info.plist";
				LD_RUNPATH_SEARCH_PATHS = (
					"$(inherited)",
					"@executable_path/Frameworks",
				);
				PRODUCT_BUNDLE_IDENTIFIER = "wael.com.on-the-Map-Wael";
				PRODUCT_NAME = "$(TARGET_NAME)";
				SWIFT_VERSION = 4.2;
				TARGETED_DEVICE_FAMILY = "1,2";
			};
			name = Release;
		};
		BB22F9A022BA95A200F9AC45 /* Debug */ = {
			isa = XCBuildConfiguration;
			buildSettings = {
				ALWAYS_EMBED_SWIFT_STANDARD_LIBRARIES = YES;
				BUNDLE_LOADER = "$(TEST_HOST)";
				CODE_SIGN_STYLE = Automatic;
				DEVELOPMENT_TEAM = XFYC8U4N46;
				INFOPLIST_FILE = "on the Map WaelTests/Info.plist";
				LD_RUNPATH_SEARCH_PATHS = (
					"$(inherited)",
					"@executable_path/Frameworks",
					"@loader_path/Frameworks",
				);
				PRODUCT_BUNDLE_IDENTIFIER = "wael.com.on-the-Map-WaelTests";
				PRODUCT_NAME = "$(TARGET_NAME)";
				SWIFT_VERSION = 4.2;
				TARGETED_DEVICE_FAMILY = "1,2";
				TEST_HOST = "$(BUILT_PRODUCTS_DIR)/on the Map Wael.app/on the Map Wael";
			};
			name = Debug;
		};
		BB22F9A122BA95A200F9AC45 /* Release */ = {
			isa = XCBuildConfiguration;
			buildSettings = {
				ALWAYS_EMBED_SWIFT_STANDARD_LIBRARIES = YES;
				BUNDLE_LOADER = "$(TEST_HOST)";
				CODE_SIGN_STYLE = Automatic;
				DEVELOPMENT_TEAM = XFYC8U4N46;
				INFOPLIST_FILE = "on the Map WaelTests/Info.plist";
				LD_RUNPATH_SEARCH_PATHS = (
					"$(inherited)",
					"@executable_path/Frameworks",
					"@loader_path/Frameworks",
				);
				PRODUCT_BUNDLE_IDENTIFIER = "wael.com.on-the-Map-WaelTests";
				PRODUCT_NAME = "$(TARGET_NAME)";
				SWIFT_VERSION = 4.2;
				TARGETED_DEVICE_FAMILY = "1,2";
				TEST_HOST = "$(BUILT_PRODUCTS_DIR)/on the Map Wael.app/on the Map Wael";
			};
			name = Release;
		};
/* End XCBuildConfiguration section */

/* Begin XCConfigurationList section */
		BB22F97A22BA959D00F9AC45 /* Build configuration list for PBXProject "on the Map Wael" */ = {
			isa = XCConfigurationList;
			buildConfigurations = (
				BB22F99A22BA95A200F9AC45 /* Debug */,
				BB22F99B22BA95A200F9AC45 /* Release */,
			);
			defaultConfigurationIsVisible = 0;
			defaultConfigurationName = Release;
		};
		BB22F99C22BA95A200F9AC45 /* Build configuration list for PBXNativeTarget "on the Map Wael" */ = {
			isa = XCConfigurationList;
			buildConfigurations = (
				BB22F99D22BA95A200F9AC45 /* Debug */,
				BB22F99E22BA95A200F9AC45 /* Release */,
			);
			defaultConfigurationIsVisible = 0;
			defaultConfigurationName = Release;
		};
		BB22F99F22BA95A200F9AC45 /* Build configuration list for PBXNativeTarget "on the Map WaelTests" */ = {
			isa = XCConfigurationList;
			buildConfigurations = (
				BB22F9A022BA95A200F9AC45 /* Debug */,
				BB22F9A122BA95A200F9AC45 /* Release */,
			);
			defaultConfigurationIsVisible = 0;
			defaultConfigurationName = Release;
		};
/* End XCConfigurationList section */
	};
	rootObject = BB22F97722BA959D00F9AC45 /* Project object */;
}
